
Microsoft Visual Studio Solution File, Format Version 12.00
# Visual Studio Version 17
VisualStudioVersion = 17.11.35327.3
MinimumVisualStudioVersion = 10.0.40219.1
Project("{FAE04EC0-301F-11D3-BF4B-00C04F79EFBC}") = "chees_eliza", "chees_eliza\chees_eliza.csproj", "{A8D6E0FF-D70B-4D51-9BC1-DFFF73C514D6}"
EndProject
Global
	GlobalSection(SolutionConfigurationPlatforms) = preSolution
		Debug|Any CPU = Debug|Any CPU
		Release|Any CPU = Release|Any CPU
	EndGlobalSection
	GlobalSection(ProjectConfigurationPlatforms) = postSolution
		{A8D6E0FF-D70B-4D51-9BC1-DFFF73C514D6}.Debug|Any CPU.ActiveCfg = Debug|Any CPU
		{A8D6E0FF-D70B-4D51-9BC1-DFFF73C514D6}.Debug|Any CPU.Build.0 = Debug|Any CPU
		{A8D6E0FF-D70B-4D51-9BC1-DFFF73C514D6}.Release|Any CPU.ActiveCfg = Release|Any CPU
		{A8D6E0FF-D70B-4D51-9BC1-DFFF73C514D6}.Release|Any CPU.Build.0 = Release|Any CPU
	EndGlobalSection
	GlobalSection(SolutionProperties) = preSolution
		HideSolutionNode = FALSE
	EndGlobalSection
	GlobalSection(ExtensibilityGlobals) = postSolution
		SolutionGuid = {9481890C-AF69-4D32-A37F-6003C5680C26}
	EndGlobalSection
EndGlobal
